
Microsoft Visual Studio Solution File, Format Version 12.00
# Visual Studio 15
VisualStudioVersion = 15.0.26124.0
MinimumVisualStudioVersion = 15.0.26124.0
Project("{FAE04EC0-301F-11D3-BF4B-00C04F79EFBC}") = "BlazorChartist", "src\BlazorChartist.csproj", "{74011DFB-BD2B-4E9B-AEFD-40BC80394ED1}"
EndProject
Project("{2150E333-8FDC-42A3-9474-1A3956D46DE8}") = "samples", "samples", "{F49F6D32-B8AB-4456-8528-7B753F2429B3}"
EndProject
Project("{FAE04EC0-301F-11D3-BF4B-00C04F79EFBC}") = "Client", "samples\client\Client.csproj", "{F699C50D-B4E1-4DD7-B41B-BD7EDDEFA615}"
EndProject
Global
	GlobalSection(SolutionConfigurationPlatforms) = preSolution
		Debug|Any CPU = Debug|Any CPU
		Debug|x64 = Debug|x64
		Debug|x86 = Debug|x86
		Release|Any CPU = Release|Any CPU
		Release|x64 = Release|x64
		Release|x86 = Release|x86
	EndGlobalSection
	GlobalSection(SolutionProperties) = preSolution
		HideSolutionNode = FALSE
	EndGlobalSection
	GlobalSection(ProjectConfigurationPlatforms) = postSolution
		{74011DFB-BD2B-4E9B-AEFD-40BC80394ED1}.Debug|Any CPU.ActiveCfg = Debug|Any CPU
		{74011DFB-BD2B-4E9B-AEFD-40BC80394ED1}.Debug|Any CPU.Build.0 = Debug|Any CPU
		{74011DFB-BD2B-4E9B-AEFD-40BC80394ED1}.Debug|x64.ActiveCfg = Debug|Any CPU
		{74011DFB-BD2B-4E9B-AEFD-40BC80394ED1}.Debug|x64.Build.0 = Debug|Any CPU
		{74011DFB-BD2B-4E9B-AEFD-40BC80394ED1}.Debug|x86.ActiveCfg = Debug|Any CPU
		{74011DFB-BD2B-4E9B-AEFD-40BC80394ED1}.Debug|x86.Build.0 = Debug|Any CPU
		{74011DFB-BD2B-4E9B-AEFD-40BC80394ED1}.Release|Any CPU.ActiveCfg = Release|Any CPU
		{74011DFB-BD2B-4E9B-AEFD-40BC80394ED1}.Release|Any CPU.Build.0 = Release|Any CPU
		{74011DFB-BD2B-4E9B-AEFD-40BC80394ED1}.Release|x64.ActiveCfg = Release|Any CPU
		{74011DFB-BD2B-4E9B-AEFD-40BC80394ED1}.Release|x64.Build.0 = Release|Any CPU
		{74011DFB-BD2B-4E9B-AEFD-40BC80394ED1}.Release|x86.ActiveCfg = Release|Any CPU
		{74011DFB-BD2B-4E9B-AEFD-40BC80394ED1}.Release|x86.Build.0 = Release|Any CPU
		{F699C50D-B4E1-4DD7-B41B-BD7EDDEFA615}.Debug|Any CPU.ActiveCfg = Debug|Any CPU
		{F699C50D-B4E1-4DD7-B41B-BD7EDDEFA615}.Debug|Any CPU.Build.0 = Debug|Any CPU
		{F699C50D-B4E1-4DD7-B41B-BD7EDDEFA615}.Debug|x64.ActiveCfg = Debug|Any CPU
		{F699C50D-B4E1-4DD7-B41B-BD7EDDEFA615}.Debug|x64.Build.0 = Debug|Any CPU
		{F699C50D-B4E1-4DD7-B41B-BD7EDDEFA615}.Debug|x86.ActiveCfg = Debug|Any CPU
		{F699C50D-B4E1-4DD7-B41B-BD7EDDEFA615}.Debug|x86.Build.0 = Debug|Any CPU
		{F699C50D-B4E1-4DD7-B41B-BD7EDDEFA615}.Release|Any CPU.ActiveCfg = Release|Any CPU
		{F699C50D-B4E1-4DD7-B41B-BD7EDDEFA615}.Release|Any CPU.Build.0 = Release|Any CPU
		{F699C50D-B4E1-4DD7-B41B-BD7EDDEFA615}.Release|x64.ActiveCfg = Release|Any CPU
		{F699C50D-B4E1-4DD7-B41B-BD7EDDEFA615}.Release|x64.Build.0 = Release|Any CPU
		{F699C50D-B4E1-4DD7-B41B-BD7EDDEFA615}.Release|x86.ActiveCfg = Release|Any CPU
		{F699C50D-B4E1-4DD7-B41B-BD7EDDEFA615}.Release|x86.Build.0 = Release|Any CPU
	EndGlobalSection
	GlobalSection(NestedProjects) = preSolution
		{F699C50D-B4E1-4DD7-B41B-BD7EDDEFA615} = {F49F6D32-B8AB-4456-8528-7B753F2429B3}
	EndGlobalSection
EndGlobal
